
Microsoft Visual Studio Solution File, Format Version 12.00
# Visual Studio Version 17
VisualStudioVersion = 17.13.35919.96 d17.13
MinimumVisualStudioVersion = 10.0.40219.1
Project("{FAE04EC0-301F-11D3-BF4B-00C04F79EFBC}") = "ToyRobot", "ToyRobot\ToyRobot.csproj", "{4BB9F878-338B-4B7D-905C-3B837760B59F}"
EndProject
Global
	GlobalSection(SolutionConfigurationPlatforms) = preSolution
		Debug|Any CPU = Debug|Any CPU
		Release|Any CPU = Release|Any CPU
	EndGlobalSection
	GlobalSection(ProjectConfigurationPlatforms) = postSolution
		{4BB9F878-338B-4B7D-905C-3B837760B59F}.Debug|Any CPU.ActiveCfg = Debug|Any CPU
		{4BB9F878-338B-4B7D-905C-3B837760B59F}.Debug|Any CPU.Build.0 = Debug|Any CPU
		{4BB9F878-338B-4B7D-905C-3B837760B59F}.Release|Any CPU.ActiveCfg = Release|Any CPU
		{4BB9F878-338B-4B7D-905C-3B837760B59F}.Release|Any CPU.Build.0 = Release|Any CPU
	EndGlobalSection
	GlobalSection(SolutionProperties) = preSolution
		HideSolutionNode = FALSE
	EndGlobalSection
	GlobalSection(ExtensibilityGlobals) = postSolution
		SolutionGuid = {A0CA28F0-BF78-4B17-808B-59F6BE5F92E9}
	EndGlobalSection
EndGlobal
